
Microsoft Visual Studio Solution File, Format Version 12.00
# Visual Studio Version 17
VisualStudioVersion = 17.10.35122.118
MinimumVisualStudioVersion = 10.0.40219.1
Project("{FAE04EC0-301F-11D3-BF4B-00C04F79EFBC}") = "AutoTorque", "AutoTorque.csproj", "{4062BBBB-FD21-46DA-A81B-9AEEBC84BB51}"
EndProject
Global
	GlobalSection(SolutionConfigurationPlatforms) = preSolution
		Debug|Any CPU = Debug|Any CPU
		Release|Any CPU = Release|Any CPU
	EndGlobalSection
	GlobalSection(ProjectConfigurationPlatforms) = postSolution
		{4062BBBB-FD21-46DA-A81B-9AEEBC84BB51}.Debug|Any CPU.ActiveCfg = Debug|Any CPU
		{4062BBBB-FD21-46DA-A81B-9AEEBC84BB51}.Debug|Any CPU.Build.0 = Debug|Any CPU
		{4062BBBB-FD21-46DA-A81B-9AEEBC84BB51}.Release|Any CPU.ActiveCfg = Release|Any CPU
		{4062BBBB-FD21-46DA-A81B-9AEEBC84BB51}.Release|Any CPU.Build.0 = Release|Any CPU
	EndGlobalSection
	GlobalSection(SolutionProperties) = preSolution
		HideSolutionNode = FALSE
	EndGlobalSection
	GlobalSection(ExtensibilityGlobals) = postSolution
		SolutionGuid = {62443F12-17C2-493D-83F9-53A4D8302404}
	EndGlobalSection
EndGlobal
